lockfileVersion: '9.0'

settings:
  autoInstallPeers: true
  excludeLinksFromLockfile: false

importers:

  .:
    devDependencies:
      rolldown:
        specifier: ^1.0.0-beta.0
        version: 1.0.0-rc.6

packages:

  '@emnapi/core@1.8.1':
    resolution: {integrity: sha512-AvT9QFpxK0Zd8J0jopedNm+w/2fIzvtPKPjqyw9jwvBaReTTqPBk9Hixaz7KbjimP+QNz605/XnjFcDAL2pqBg==}

  '@emnapi/runtime@1.8.1':
    resolution: {integrity: sha512-mehfKSMWjjNol8659Z8KxEMrdSJDDot5SXMq00dM8BN4o+CLNXQ0xH2V7EchNHV4RmbZLmmPdEaXZc5H2FXmDg==}

  '@emnapi/wasi-threads@1.1.0':
    resolution: {integrity: sha512-WI0DdZ8xFSbgMjR1sFsKABJ/C5OnRrjT06JXbZKexJGrDuPTzZdDYfFlsgcCXCyf+suG5QU2e/y1Wo2V/OapLQ==}

  '@napi-rs/wasm-runtime@1.1.1':
    resolution: {integrity: sha512-p64ah1M1ld8xjWv3qbvFwHiFVWrq1yFvV4f7w+mzaqiR4IlSgkqhcRdHwsGgomwzBH51sRY4NEowLxnaBjcW/A==}

  '@oxc-project/types@0.115.0':
    resolution: {integrity: sha512-4n91DKnebUS4yjUHl2g3/b2T+IUdCfmoZGhmwsovZCDaJSs+QkVAM+0AqqTxHSsHfeiMuueT75cZaZcT/m0pSw==}

  '@rolldown/binding-android-arm64@1.0.0-rc.6':
    resolution: {integrity: sha512-kvjTSWGcrv+BaR2vge57rsKiYdVR8V8CoS0vgKrc570qRBfty4bT+1X0z3j2TaVV+kAYzA0PjeB9+mdZyqUZlg==}
    engines: {node: ^20.19.0 || >=22.12.0}
    cpu: [arm64]
    os: [android]

  '@rolldown/binding-darwin-arm64@1.0.0-rc.6':
    resolution: {integrity: sha512-+tJhD21KvGNtUrpLXrZQlT+j5HZKiEwR2qtcZb3vNOUpvoT9QjEykr75ZW/Kr0W89gose/HVXU6351uVZD8Qvw==}
    engines: {node: ^20.19.0 || >=22.12.0}
    cpu: [arm64]
    os: [darwin]

  '@rolldown/binding-darwin-x64@1.0.0-rc.6':
    resolution: {integrity: sha512-DKNhjMk38FAWaHwUt1dFR3rA/qRAvn2NUvSG2UGvxvlMxSmN/qqww/j4ABAbXhNRXtGQNmrAINMXRuwHl16ZHg==}
    engines: {node: ^20.19.0 || >=22.12.0}
    cpu: [x64]
    os: [darwin]

  '@rolldown/binding-freebsd-x64@1.0.0-rc.6':
    resolution: {integrity: sha512-8TThsRkCPAnfyMBShxrGdtoOE6h36QepqRQI97iFaQSCRbHFWHcDHppcojZnzXoruuhPnjMEygzaykvPVJsMRg==}
    engines: {node: ^20.19.0 || >=22.12.0}
    cpu: [x64]
    os: [freebsd]

  '@rolldown/binding-linux-arm-gnueabihf@1.0.0-rc.6':
    resolution: {integrity: sha512-ZfmFoOwPUZCWtGOVC9/qbQzfc0249FrRUOzV2XabSMUV60Crp211OWLQN1zmQAsRIVWRcEwhJ46Z1mXGo/L/nQ==}
    engines: {node: ^20.19.0 || >=22.12.0}
    cpu: [arm]
    os: [linux]

  '@rolldown/binding-linux-arm64-gnu@1.0.0-rc.6':
    resolution: {integrity: sha512-ZsGzbNETxPodGlLTYHaCSGVhNN/rvkMDCJYHdT7PZr5jFJRmBfmDi2awhF64Dt2vxrJqY6VeeYSgOzEbHRsb7Q==}
    engines: {node: ^20.19.0 || >=22.12.0}
    cpu: [arm64]
    os: [linux]

  '@rolldown/binding-linux-arm64-musl@1.0.0-rc.6':
    resolution: {integrity: sha512-elPpdevtCdUOqziemR86C4CSCr/5sUxalzDrf/CJdMT+kZt2C556as++qHikNOz0vuFf52h+GJNXZM08eWgGPQ==}
    engines: {node: ^20.19.0 || >=22.12.0}
    cpu: [arm64]
    os: [linux]

  '@rolldown/binding-linux-x64-gnu@1.0.0-rc.6':
    resolution: {integrity: sha512-IBwXsf56o3xhzAyaZxdM1CX8UFiBEUFCjiVUgny67Q8vPIqkjzJj0YKhd3TbBHanuxThgBa59f6Pgutg2OGk5A==}
    engines: {node: ^20.19.0 || >=22.12.0}
    cpu: [x64]
    os: [linux]

  '@rolldown/binding-linux-x64-musl@1.0.0-rc.6':
    resolution: {integrity: sha512-vOk7G8V9Zm+8a6PL6JTpCea61q491oYlGtO6CvnsbhNLlKdf0bbCPytFzGQhYmCKZDKkEbmnkcIprTEGCURnwg==}
    engines: {node: ^20.19.0 || >=22.12.0}
    cpu: [x64]
    os: [linux]

  '@rolldown/binding-openharmony-arm64@1.0.0-rc.6':
    resolution: {integrity: sha512-ASjEDI4MRv7XCQb2JVaBzfEYO98JKCGrAgoW6M03fJzH/ilCnC43Mb3ptB9q/lzsaahoJyIBoAGKAYEjUvpyvQ==}
    engines: {node: ^20.19.0 || >=22.12.0}
    cpu: [arm64]
    os: [openharmony]

  '@rolldown/binding-wasm32-wasi@1.0.0-rc.6':
    resolution: {integrity: sha512-mYa1+h2l6Zc0LvmwUh0oXKKYihnw/1WC73vTqw+IgtfEtv47A+rWzzcWwVDkW73+UDr0d/Ie/HRXoaOY22pQDw==}
    engines: {node: '>=14.0.0'}
    cpu: [wasm32]

  '@rolldown/binding-win32-arm64-msvc@1.0.0-rc.6':
    resolution: {integrity: sha512-e2ABskbNH3MRUBMjgxaMjYIw11DSwjLJxBII3UgpF6WClGLIh8A20kamc+FKH5vIaFVnYQInmcLYSUVpqMPLow==}
    engines: {node: ^20.19.0 || >=22.12.0}
    cpu: [arm64]
    os: [win32]

  '@rolldown/binding-win32-x64-msvc@1.0.0-rc.6':
    resolution: {integrity: sha512-dJVc3ifhaRXxIEh1xowLohzFrlQXkJ66LepHm+CmSprTWgVrPa8Fx3OL57xwIqDEH9hufcKkDX2v65rS3NZyRA==}
    engines: {node: ^20.19.0 || >=22.12.0}
    cpu: [x64]
    os: [win32]

  '@rolldown/pluginutils@1.0.0-rc.6':
    resolution: {integrity: sha512-Y0+JT8Mi1mmW08K6HieG315XNRu4L0rkfCpA364HtytjgiqYnMYRdFPcxRl+BQQqNXzecL2S9nii+RUpO93XIA==}

  '@tybys/wasm-util@0.10.1':
    resolution: {integrity: sha512-9tTaPJLSiejZKx+Bmog4uSubteqTvFrVrURwkmHixBo0G4seD0zUxp98E1DzUBJxLQ3NPwXrGKDiVjwx/DpPsg==}

  rolldown@1.0.0-rc.6:
    resolution: {integrity: sha512-B8vFPV1ADyegoYfhg+E7RAucYKv0xdVlwYYsIJgfPNeiSxZGWNxts9RqhyGzC11ULK/VaeXyKezGCwpMiH8Ktw==}
    engines: {node: ^20.19.0 || >=22.12.0}
    hasBin: true

  tslib@2.8.1:
    resolution: {integrity: sha512-oJFu94HQb+KVduSUQL7wnpmqnfmLsOA/nAh6b6EH0wCEoK0/mPeXU6c3wKDV83MkOuHPRHtSXKKU99IBazS/2w==}

snapshots:

  '@emnapi/core@1.8.1':
    dependencies:
      '@emnapi/wasi-threads': 1.1.0
      tslib: 2.8.1
    optional: true

  '@emnapi/runtime@1.8.1':
    dependencies:
      tslib: 2.8.1
    optional: true

  '@emnapi/wasi-threads@1.1.0':
    dependencies:
      tslib: 2.8.1
    optional: true

  '@napi-rs/wasm-runtime@1.1.1':
    dependencies:
      '@emnapi/core': 1.8.1
      '@emnapi/runtime': 1.8.1
      '@tybys/wasm-util': 0.10.1
    optional: true

  '@oxc-project/types@0.115.0': {}

  '@rolldown/binding-android-arm64@1.0.0-rc.6':
    optional: true

  '@rolldown/binding-darwin-arm64@1.0.0-rc.6':
    optional: true

  '@rolldown/binding-darwin-x64@1.0.0-rc.6':
    optional: true

  '@rolldown/binding-freebsd-x64@1.0.0-rc.6':
    optional: true

  '@rolldown/binding-linux-arm-gnueabihf@1.0.0-rc.6':
    optional: true

  '@rolldown/binding-linux-arm64-gnu@1.0.0-rc.6':
    optional: true

  '@rolldown/binding-linux-arm64-musl@1.0.0-rc.6':
    optional: true

  '@rolldown/binding-linux-x64-gnu@1.0.0-rc.6':
    optional: true

  '@rolldown/binding-linux-x64-musl@1.0.0-rc.6':
    optional: true

  '@rolldown/binding-openharmony-arm64@1.0.0-rc.6':
    optional: true

  '@rolldown/binding-wasm32-wasi@1.0.0-rc.6':
    dependencies:
      '@napi-rs/wasm-runtime': 1.1.1
    optional: true

  '@rolldown/binding-win32-arm64-msvc@1.0.0-rc.6':
    optional: true

  '@rolldown/binding-win32-x64-msvc@1.0.0-rc.6':
    optional: true

  '@rolldown/pluginutils@1.0.0-rc.6': {}

  '@tybys/wasm-util@0.10.1':
    dependencies:
      tslib: 2.8.1
    optional: true

  rolldown@1.0.0-rc.6:
    dependencies:
      '@oxc-project/types': 0.115.0
      '@rolldown/pluginutils': 1.0.0-rc.6
    optionalDependencies:
      '@rolldown/binding-android-arm64': 1.0.0-rc.6
      '@rolldown/binding-darwin-arm64': 1.0.0-rc.6
      '@rolldown/binding-darwin-x64': 1.0.0-rc.6
      '@rolldown/binding-freebsd-x64': 1.0.0-rc.6
      '@rolldown/binding-linux-arm-gnueabihf': 1.0.0-rc.6
      '@rolldown/binding-linux-arm64-gnu': 1.0.0-rc.6
      '@rolldown/binding-linux-arm64-musl': 1.0.0-rc.6
      '@rolldown/binding-linux-x64-gnu': 1.0.0-rc.6
      '@rolldown/binding-linux-x64-musl': 1.0.0-rc.6
      '@rolldown/binding-openharmony-arm64': 1.0.0-rc.6
      '@rolldown/binding-wasm32-wasi': 1.0.0-rc.6
      '@rolldown/binding-win32-arm64-msvc': 1.0.0-rc.6
      '@rolldown/binding-win32-x64-msvc': 1.0.0-rc.6

  tslib@2.8.1:
    optional: true
