lockfileVersion: '9.0'

settings:
  autoInstallPeers: true
  excludeLinksFromLockfile: false

importers:

  .:
    devDependencies:
      rolldown:
        specifier: ^1.0.0-beta.0
        version: 1.0.0-rc.4

packages:

  '@emnapi/core@1.8.1':
    resolution: {integrity: sha512-AvT9QFpxK0Zd8J0jopedNm+w/2fIzvtPKPjqyw9jwvBaReTTqPBk9Hixaz7KbjimP+QNz605/XnjFcDAL2pqBg==}

  '@emnapi/runtime@1.8.1':
    resolution: {integrity: sha512-mehfKSMWjjNol8659Z8KxEMrdSJDDot5SXMq00dM8BN4o+CLNXQ0xH2V7EchNHV4RmbZLmmPdEaXZc5H2FXmDg==}

  '@emnapi/wasi-threads@1.1.0':
    resolution: {integrity: sha512-WI0DdZ8xFSbgMjR1sFsKABJ/C5OnRrjT06JXbZKexJGrDuPTzZdDYfFlsgcCXCyf+suG5QU2e/y1Wo2V/OapLQ==}

  '@napi-rs/wasm-runtime@1.1.1':
    resolution: {integrity: sha512-p64ah1M1ld8xjWv3qbvFwHiFVWrq1yFvV4f7w+mzaqiR4IlSgkqhcRdHwsGgomwzBH51sRY4NEowLxnaBjcW/A==}

  '@oxc-project/types@0.113.0':
    resolution: {integrity: sha512-Tp3XmgxwNQ9pEN9vxgJBAqdRamHibi76iowQ38O2I4PMpcvNRQNVsU2n1x1nv9yh0XoTrGFzf7cZSGxmixxrhA==}

  '@rolldown/binding-android-arm64@1.0.0-rc.4':
    resolution: {integrity: sha512-vRq9f4NzvbdZavhQbjkJBx7rRebDKYR9zHfO/Wg486+I7bSecdUapzCm5cyXoK+LHokTxgSq7A5baAXUZkIz0w==}
    engines: {node: ^20.19.0 || >=22.12.0}
    cpu: [arm64]
    os: [android]

  '@rolldown/binding-darwin-arm64@1.0.0-rc.4':
    resolution: {integrity: sha512-kFgEvkWLqt3YCgKB5re9RlIrx9bRsvyVUnaTakEpOPuLGzLpLapYxE9BufJNvPg8GjT6mB1alN4yN1NjzoeM8Q==}
    engines: {node: ^20.19.0 || >=22.12.0}
    cpu: [arm64]
    os: [darwin]

  '@rolldown/binding-darwin-x64@1.0.0-rc.4':
    resolution: {integrity: sha512-JXmaOJGsL/+rsmMfutcDjxWM2fTaVgCHGoXS7nE8Z3c9NAYjGqHvXrAhMUZvMpHS/k7Mg+X7n/MVKb7NYWKKww==}
    engines: {node: ^20.19.0 || >=22.12.0}
    cpu: [x64]
    os: [darwin]

  '@rolldown/binding-freebsd-x64@1.0.0-rc.4':
    resolution: {integrity: sha512-ep3Catd6sPnHTM0P4hNEvIv5arnDvk01PfyJIJ+J3wVCG1eEaPo09tvFqdtcaTrkwQy0VWR24uz+cb4IsK53Qw==}
    engines: {node: ^20.19.0 || >=22.12.0}
    cpu: [x64]
    os: [freebsd]

  '@rolldown/binding-linux-arm-gnueabihf@1.0.0-rc.4':
    resolution: {integrity: sha512-LwA5ayKIpnsgXJEwWc3h8wPiS33NMIHd9BhsV92T8VetVAbGe2qXlJwNVDGHN5cOQ22R9uYvbrQir2AB+ntT2w==}
    engines: {node: ^20.19.0 || >=22.12.0}
    cpu: [arm]
    os: [linux]

  '@rolldown/binding-linux-arm64-gnu@1.0.0-rc.4':
    resolution: {integrity: sha512-AC1WsGdlV1MtGay/OQ4J9T7GRadVnpYRzTcygV1hKnypbYN20Yh4t6O1Sa2qRBMqv1etulUknqXjc3CTIsBu6A==}
    engines: {node: ^20.19.0 || >=22.12.0}
    cpu: [arm64]
    os: [linux]

  '@rolldown/binding-linux-arm64-musl@1.0.0-rc.4':
    resolution: {integrity: sha512-lU+6rgXXViO61B4EudxtVMXSOfiZONR29Sys5VGSetUY7X8mg9FCKIIjcPPj8xNDeYzKl+H8F/qSKOBVFJChCQ==}
    engines: {node: ^20.19.0 || >=22.12.0}
    cpu: [arm64]
    os: [linux]

  '@rolldown/binding-linux-x64-gnu@1.0.0-rc.4':
    resolution: {integrity: sha512-DZaN1f0PGp/bSvKhtw50pPsnln4T13ycDq1FrDWRiHmWt1JeW+UtYg9touPFf8yt993p8tS2QjybpzKNTxYEwg==}
    engines: {node: ^20.19.0 || >=22.12.0}
    cpu: [x64]
    os: [linux]

  '@rolldown/binding-linux-x64-musl@1.0.0-rc.4':
    resolution: {integrity: sha512-RnGxwZLN7fhMMAItnD6dZ7lvy+TI7ba+2V54UF4dhaWa/p8I/ys1E73KO6HmPmgz92ZkfD8TXS1IMV8+uhbR9g==}
    engines: {node: ^20.19.0 || >=22.12.0}
    cpu: [x64]
    os: [linux]

  '@rolldown/binding-openharmony-arm64@1.0.0-rc.4':
    resolution: {integrity: sha512-6lcI79+X8klGiGd8yHuTgQRjuuJYNggmEml+RsyN596P23l/zf9FVmJ7K0KVKkFAeYEdg0iMUKyIxiV5vebDNQ==}
    engines: {node: ^20.19.0 || >=22.12.0}
    cpu: [arm64]
    os: [openharmony]

  '@rolldown/binding-wasm32-wasi@1.0.0-rc.4':
    resolution: {integrity: sha512-wz7ohsKCAIWy91blZ/1FlpPdqrsm1xpcEOQVveWoL6+aSPKL4VUcoYmmzuLTssyZxRpEwzuIxL/GDsvpjaBtOw==}
    engines: {node: '>=14.0.0'}
    cpu: [wasm32]

  '@rolldown/binding-win32-arm64-msvc@1.0.0-rc.4':
    resolution: {integrity: sha512-cfiMrfuWCIgsFmcVG0IPuO6qTRHvF7NuG3wngX1RZzc6dU8FuBFb+J3MIR5WrdTNozlumfgL4cvz+R4ozBCvsQ==}
    engines: {node: ^20.19.0 || >=22.12.0}
    cpu: [arm64]
    os: [win32]

  '@rolldown/binding-win32-x64-msvc@1.0.0-rc.4':
    resolution: {integrity: sha512-p6UeR9y7ht82AH57qwGuFYn69S6CZ7LLKdCKy/8T3zS9VTrJei2/CGsTUV45Da4Z9Rbhc7G4gyWQ/Ioamqn09g==}
    engines: {node: ^20.19.0 || >=22.12.0}
    cpu: [x64]
    os: [win32]

  '@rolldown/pluginutils@1.0.0-rc.4':
    resolution: {integrity: sha512-1BrrmTu0TWfOP1riA8uakjFc9bpIUGzVKETsOtzY39pPga8zELGDl8eu1Dx7/gjM5CAz14UknsUMpBO8L+YntQ==}

  '@tybys/wasm-util@0.10.1':
    resolution: {integrity: sha512-9tTaPJLSiejZKx+Bmog4uSubteqTvFrVrURwkmHixBo0G4seD0zUxp98E1DzUBJxLQ3NPwXrGKDiVjwx/DpPsg==}

  rolldown@1.0.0-rc.4:
    resolution: {integrity: sha512-V2tPDUrY3WSevrvU2E41ijZlpF+5PbZu4giH+VpNraaadsJGHa4fR6IFwsocVwEXDoAdIv5qgPPxgrvKAOIPtA==}
    engines: {node: ^20.19.0 || >=22.12.0}
    hasBin: true

  tslib@2.8.1:
    resolution: {integrity: sha512-oJFu94HQb+KVduSUQL7wnpmqnfmLsOA/nAh6b6EH0wCEoK0/mPeXU6c3wKDV83MkOuHPRHtSXKKU99IBazS/2w==}

snapshots:

  '@emnapi/core@1.8.1':
    dependencies:
      '@emnapi/wasi-threads': 1.1.0
      tslib: 2.8.1
    optional: true

  '@emnapi/runtime@1.8.1':
    dependencies:
      tslib: 2.8.1
    optional: true

  '@emnapi/wasi-threads@1.1.0':
    dependencies:
      tslib: 2.8.1
    optional: true

  '@napi-rs/wasm-runtime@1.1.1':
    dependencies:
      '@emnapi/core': 1.8.1
      '@emnapi/runtime': 1.8.1
      '@tybys/wasm-util': 0.10.1
    optional: true

  '@oxc-project/types@0.113.0': {}

  '@rolldown/binding-android-arm64@1.0.0-rc.4':
    optional: true

  '@rolldown/binding-darwin-arm64@1.0.0-rc.4':
    optional: true

  '@rolldown/binding-darwin-x64@1.0.0-rc.4':
    optional: true

  '@rolldown/binding-freebsd-x64@1.0.0-rc.4':
    optional: true

  '@rolldown/binding-linux-arm-gnueabihf@1.0.0-rc.4':
    optional: true

  '@rolldown/binding-linux-arm64-gnu@1.0.0-rc.4':
    optional: true

  '@rolldown/binding-linux-arm64-musl@1.0.0-rc.4':
    optional: true

  '@rolldown/binding-linux-x64-gnu@1.0.0-rc.4':
    optional: true

  '@rolldown/binding-linux-x64-musl@1.0.0-rc.4':
    optional: true

  '@rolldown/binding-openharmony-arm64@1.0.0-rc.4':
    optional: true

  '@rolldown/binding-wasm32-wasi@1.0.0-rc.4':
    dependencies:
      '@napi-rs/wasm-runtime': 1.1.1
    optional: true

  '@rolldown/binding-win32-arm64-msvc@1.0.0-rc.4':
    optional: true

  '@rolldown/binding-win32-x64-msvc@1.0.0-rc.4':
    optional: true

  '@rolldown/pluginutils@1.0.0-rc.4': {}

  '@tybys/wasm-util@0.10.1':
    dependencies:
      tslib: 2.8.1
    optional: true

  rolldown@1.0.0-rc.4:
    dependencies:
      '@oxc-project/types': 0.113.0
      '@rolldown/pluginutils': 1.0.0-rc.4
    optionalDependencies:
      '@rolldown/binding-android-arm64': 1.0.0-rc.4
      '@rolldown/binding-darwin-arm64': 1.0.0-rc.4
      '@rolldown/binding-darwin-x64': 1.0.0-rc.4
      '@rolldown/binding-freebsd-x64': 1.0.0-rc.4
      '@rolldown/binding-linux-arm-gnueabihf': 1.0.0-rc.4
      '@rolldown/binding-linux-arm64-gnu': 1.0.0-rc.4
      '@rolldown/binding-linux-arm64-musl': 1.0.0-rc.4
      '@rolldown/binding-linux-x64-gnu': 1.0.0-rc.4
      '@rolldown/binding-linux-x64-musl': 1.0.0-rc.4
      '@rolldown/binding-openharmony-arm64': 1.0.0-rc.4
      '@rolldown/binding-wasm32-wasi': 1.0.0-rc.4
      '@rolldown/binding-win32-arm64-msvc': 1.0.0-rc.4
      '@rolldown/binding-win32-x64-msvc': 1.0.0-rc.4

  tslib@2.8.1:
    optional: true
